
Microsoft Visual Studio Solution File, Format Version 12.00
# Visual Studio Version 16
VisualStudioVersion = 16.0.29025.244
MinimumVisualStudioVersion = 10.0.40219.1
Project("{8BC9CEB8-8B4A-11D0-8D11-00A0C91BC942}") = "JincResize", "JincResize.vcxproj", "{CBE4A29F-2FF2-4BB3-B098-C0E710E2E575}"
EndProject
Global
	GlobalSection(SolutionConfigurationPlatforms) = preSolution
		Debug|x64 = Debug|x64
		Debug|x86 = Debug|x86
		Release|x64 = Release|x64
		Release|x86 = Release|x86
	EndGlobalSection
	GlobalSection(ProjectConfigurationPlatforms) = postSolution
		{CBE4A29F-2FF2-4BB3-B098-C0E710E2E575}.Debug|x64.ActiveCfg = Debug|x64
		{CBE4A29F-2FF2-4BB3-B098-C0E710E2E575}.Debug|x64.Build.0 = Debug|x64
		{CBE4A29F-2FF2-4BB3-B098-C0E710E2E575}.Debug|x86.ActiveCfg = Debug|Win32
		{CBE4A29F-2FF2-4BB3-B098-C0E710E2E575}.Debug|x86.Build.0 = Debug|Win32
		{CBE4A29F-2FF2-4BB3-B098-C0E710E2E575}.Release|x64.ActiveCfg = Release|x64
		{CBE4A29F-2FF2-4BB3-B098-C0E710E2E575}.Release|x64.Build.0 = Release|x64
		{CBE4A29F-2FF2-4BB3-B098-C0E710E2E575}.Release|x86.ActiveCfg = Release|Win32
		{CBE4A29F-2FF2-4BB3-B098-C0E710E2E575}.Release|x86.Build.0 = Release|Win32
	EndGlobalSection
	GlobalSection(SolutionProperties) = preSolution
		HideSolutionNode = FALSE
	EndGlobalSection
	GlobalSection(ExtensibilityGlobals) = postSolution
		SolutionGuid = {D763038C-CD16-4A21-8569-6593685CB24C}
	EndGlobalSection
EndGlobal
